
Microsoft Visual Studio Solution File, Format Version 12.00
# Visual Studio Version 17
VisualStudioVersion = 17.5.33424.131
MinimumVisualStudioVersion = 10.0.40219.1
Project("{FAE04EC0-301F-11D3-BF4B-00C04F79EFBC}") = "Party_App_WF", "Party_App_WF\Party_App_WF.csproj", "{8F658E16-B39E-42F7-A39D-AEAA1D5375BC}"
EndProject
Global
	GlobalSection(SolutionConfigurationPlatforms) = preSolution
		Debug|Any CPU = Debug|Any CPU
		Release|Any CPU = Release|Any CPU
	EndGlobalSection
	GlobalSection(ProjectConfigurationPlatforms) = postSolution
		{8F658E16-B39E-42F7-A39D-AEAA1D5375BC}.Debug|Any CPU.ActiveCfg = Debug|Any CPU
		{8F658E16-B39E-42F7-A39D-AEAA1D5375BC}.Debug|Any CPU.Build.0 = Debug|Any CPU
		{8F658E16-B39E-42F7-A39D-AEAA1D5375BC}.Release|Any CPU.ActiveCfg = Release|Any CPU
		{8F658E16-B39E-42F7-A39D-AEAA1D5375BC}.Release|Any CPU.Build.0 = Release|Any CPU
	EndGlobalSection
	GlobalSection(SolutionProperties) = preSolution
		HideSolutionNode = FALSE
	EndGlobalSection
	GlobalSection(ExtensibilityGlobals) = postSolution
		SolutionGuid = {05F518FB-2F22-4733-884E-67D398A358E0}
	EndGlobalSection
EndGlobal
